
Microsoft Visual Studio Solution File, Format Version 12.00
Project("{FAE04EC0-301F-11D3-BF4B-00C04F79EFBC}") = "KontrolWork1", "KontrolWork1\KontrolWork1.csproj", "{8954D796-71DC-40BC-A22A-292DD508CA49}"
EndProject
Global
	GlobalSection(SolutionConfigurationPlatforms) = preSolution
		Debug|Any CPU = Debug|Any CPU
		Release|Any CPU = Release|Any CPU
	EndGlobalSection
	GlobalSection(ProjectConfigurationPlatforms) = postSolution
		{8954D796-71DC-40BC-A22A-292DD508CA49}.Debug|Any CPU.ActiveCfg = Debug|Any CPU
		{8954D796-71DC-40BC-A22A-292DD508CA49}.Debug|Any CPU.Build.0 = Debug|Any CPU
		{8954D796-71DC-40BC-A22A-292DD508CA49}.Release|Any CPU.ActiveCfg = Release|Any CPU
		{8954D796-71DC-40BC-A22A-292DD508CA49}.Release|Any CPU.Build.0 = Release|Any CPU
	EndGlobalSection
EndGlobal
